
Microsoft Visual Studio Solution File, Format Version 12.00
# Visual Studio Version 17
VisualStudioVersion = 17.11.35303.130
MinimumVisualStudioVersion = 10.0.40219.1
Project("{9A19103F-16F7-4668-BE54-9A1E7A4F7556}") = "TiposDeDados1", "TiposDeDados1\TiposDeDados1.csproj", "{1AEAA025-22F3-4644-A4A0-F6062D90833D}"
EndProject
Project("{9A19103F-16F7-4668-BE54-9A1E7A4F7556}") = "TipodeDados3", "TipodeDados3\TipodeDados3.csproj", "{451FF65E-C98A-4058-BE39-05B87A127E46}"
EndProject
Project("{9A19103F-16F7-4668-BE54-9A1E7A4F7556}") = "Datetime", "Datetime\Datetime.csproj", "{AB63137A-F9AF-46E2-98C7-0214F8FFAA56}"
EndProject
Project("{9A19103F-16F7-4668-BE54-9A1E7A4F7556}") = "Nullable", "Nullable\Nullable.csproj", "{3975517F-071F-4C1E-9BA3-4E75713DA85F}"
EndProject
Project("{9A19103F-16F7-4668-BE54-9A1E7A4F7556}") = "SaidaDeDados", "SaidaDeDados\SaidaDeDados.csproj", "{BB2818A6-69D0-4ACA-91C0-9A793060FBCD}"
EndProject
Project("{9A19103F-16F7-4668-BE54-9A1E7A4F7556}") = "ConversaoTipos", "ConversaoTipos\ConversaoTipos.csproj", "{4745E1FB-5422-45ED-91C8-04DAC4B25101}"
EndProject
Project("{9A19103F-16F7-4668-BE54-9A1E7A4F7556}") = "entradaDados", "entradaDados\entradaDados.csproj", "{C40748A6-0182-4F6E-9F93-F84F72B4D1A2}"
EndProject
Project("{9A19103F-16F7-4668-BE54-9A1E7A4F7556}") = "operadoresAritimeticos", "operadoresAritimeticos\operadoresAritimeticos.csproj", "{430A3FFB-B45A-4E66-ADE3-CCD3F6470BA0}"
EndProject
Project("{9A19103F-16F7-4668-BE54-9A1E7A4F7556}") = "operadoresRelacionais", "operadoresRelacionais\operadoresRelacionais.csproj", "{CAFDA4E8-0E11-4500-8658-954C6DBDBF51}"
EndProject
Project("{9A19103F-16F7-4668-BE54-9A1E7A4F7556}") = "OperadoresPrecedencia", "OperadoresPrecedencia\OperadoresPrecedencia.csproj", "{08B1A419-BFEA-40A2-BCB3-A43766253A05}"
EndProject
Project("{9A19103F-16F7-4668-BE54-9A1E7A4F7556}") = "operadorUniarioTernario", "operadorUniarioTernario\operadorUniarioTernario.csproj", "{1498330B-6997-4F80-B621-AB4DAD09961B}"
EndProject
Project("{9A19103F-16F7-4668-BE54-9A1E7A4F7556}") = "switch", "switch\switch.csproj", "{173A4724-553B-4A1F-8A01-79B1710291B0}"
EndProject
Project("{9A19103F-16F7-4668-BE54-9A1E7A4F7556}") = "repeticaoGoto", "repeticaoGoto\repeticaoGoto.csproj", "{08C74F0F-F884-4C11-BED7-274509E2D75F}"
EndProject
Project("{9A19103F-16F7-4668-BE54-9A1E7A4F7556}") = "instrucaoFor", "instrucaoFor\instrucaoFor.csproj", "{7D9227C9-2C3B-4F74-B785-5FCEF25D687B}"
EndProject
Project("{9A19103F-16F7-4668-BE54-9A1E7A4F7556}") = "CassesMetodos", "CassesMetodos\CassesMetodos.csproj", "{A656EFF2-D09B-4CA4-9D4F-2EE6519B22A1}"
EndProject
Project("{FAE04EC0-301F-11D3-BF4B-00C04F79EFBC}") = "metodos", "metodos\metodos.csproj", "{66809F7C-C996-4E10-B7B3-D12F605F7DF9}"
EndProject
Project("{FAE04EC0-301F-11D3-BF4B-00C04F79EFBC}") = "metodoParametros", "metodoParametros\metodoParametros.csproj", "{8A7F21A7-FEF8-4413-A605-86A1616BB280}"
EndProject
Global
	GlobalSection(SolutionConfigurationPlatforms) = preSolution
		Debug|Any CPU = Debug|Any CPU
		Release|Any CPU = Release|Any CPU
	EndGlobalSection
	GlobalSection(ProjectConfigurationPlatforms) = postSolution
		{1AEAA025-22F3-4644-A4A0-F6062D90833D}.Debug|Any CPU.ActiveCfg = Debug|Any CPU
		{1AEAA025-22F3-4644-A4A0-F6062D90833D}.Debug|Any CPU.Build.0 = Debug|Any CPU
		{1AEAA025-22F3-4644-A4A0-F6062D90833D}.Release|Any CPU.ActiveCfg = Release|Any CPU
		{1AEAA025-22F3-4644-A4A0-F6062D90833D}.Release|Any CPU.Build.0 = Release|Any CPU
		{451FF65E-C98A-4058-BE39-05B87A127E46}.Debug|Any CPU.ActiveCfg = Debug|Any CPU
		{451FF65E-C98A-4058-BE39-05B87A127E46}.Debug|Any CPU.Build.0 = Debug|Any CPU
		{451FF65E-C98A-4058-BE39-05B87A127E46}.Release|Any CPU.ActiveCfg = Release|Any CPU
		{451FF65E-C98A-4058-BE39-05B87A127E46}.Release|Any CPU.Build.0 = Release|Any CPU
		{AB63137A-F9AF-46E2-98C7-0214F8FFAA56}.Debug|Any CPU.ActiveCfg = Debug|Any CPU
		{AB63137A-F9AF-46E2-98C7-0214F8FFAA56}.Debug|Any CPU.Build.0 = Debug|Any CPU
		{AB63137A-F9AF-46E2-98C7-0214F8FFAA56}.Release|Any CPU.ActiveCfg = Release|Any CPU
		{AB63137A-F9AF-46E2-98C7-0214F8FFAA56}.Release|Any CPU.Build.0 = Release|Any CPU
		{3975517F-071F-4C1E-9BA3-4E75713DA85F}.Debug|Any CPU.ActiveCfg = Debug|Any CPU
		{3975517F-071F-4C1E-9BA3-4E75713DA85F}.Debug|Any CPU.Build.0 = Debug|Any CPU
		{3975517F-071F-4C1E-9BA3-4E75713DA85F}.Release|Any CPU.ActiveCfg = Release|Any CPU
		{3975517F-071F-4C1E-9BA3-4E75713DA85F}.Release|Any CPU.Build.0 = Release|Any CPU
		{BB2818A6-69D0-4ACA-91C0-9A793060FBCD}.Debug|Any CPU.ActiveCfg = Debug|Any CPU
		{BB2818A6-69D0-4ACA-91C0-9A793060FBCD}.Debug|Any CPU.Build.0 = Debug|Any CPU
		{BB2818A6-69D0-4ACA-91C0-9A793060FBCD}.Release|Any CPU.ActiveCfg = Release|Any CPU
		{BB2818A6-69D0-4ACA-91C0-9A793060FBCD}.Release|Any CPU.Build.0 = Release|Any CPU
		{4745E1FB-5422-45ED-91C8-04DAC4B25101}.Debug|Any CPU.ActiveCfg = Debug|Any CPU
		{4745E1FB-5422-45ED-91C8-04DAC4B25101}.Debug|Any CPU.Build.0 = Debug|Any CPU
		{4745E1FB-5422-45ED-91C8-04DAC4B25101}.Release|Any CPU.ActiveCfg = Release|Any CPU
		{4745E1FB-5422-45ED-91C8-04DAC4B25101}.Release|Any CPU.Build.0 = Release|Any CPU
		{C40748A6-0182-4F6E-9F93-F84F72B4D1A2}.Debug|Any CPU.ActiveCfg = Debug|Any CPU
		{C40748A6-0182-4F6E-9F93-F84F72B4D1A2}.Debug|Any CPU.Build.0 = Debug|Any CPU
		{C40748A6-0182-4F6E-9F93-F84F72B4D1A2}.Release|Any CPU.ActiveCfg = Release|Any CPU
		{C40748A6-0182-4F6E-9F93-F84F72B4D1A2}.Release|Any CPU.Build.0 = Release|Any CPU
		{430A3FFB-B45A-4E66-ADE3-CCD3F6470BA0}.Debug|Any CPU.ActiveCfg = Debug|Any CPU
		{430A3FFB-B45A-4E66-ADE3-CCD3F6470BA0}.Debug|Any CPU.Build.0 = Debug|Any CPU
		{430A3FFB-B45A-4E66-ADE3-CCD3F6470BA0}.Release|Any CPU.ActiveCfg = Release|Any CPU
		{430A3FFB-B45A-4E66-ADE3-CCD3F6470BA0}.Release|Any CPU.Build.0 = Release|Any CPU
		{CAFDA4E8-0E11-4500-8658-954C6DBDBF51}.Debug|Any CPU.ActiveCfg = Debug|Any CPU
		{CAFDA4E8-0E11-4500-8658-954C6DBDBF51}.Debug|Any CPU.Build.0 = Debug|Any CPU
		{CAFDA4E8-0E11-4500-8658-954C6DBDBF51}.Release|Any CPU.ActiveCfg = Release|Any CPU
		{CAFDA4E8-0E11-4500-8658-954C6DBDBF51}.Release|Any CPU.Build.0 = Release|Any CPU
		{08B1A419-BFEA-40A2-BCB3-A43766253A05}.Debug|Any CPU.ActiveCfg = Debug|Any CPU
		{08B1A419-BFEA-40A2-BCB3-A43766253A05}.Debug|Any CPU.Build.0 = Debug|Any CPU
		{08B1A419-BFEA-40A2-BCB3-A43766253A05}.Release|Any CPU.ActiveCfg = Release|Any CPU
		{08B1A419-BFEA-40A2-BCB3-A43766253A05}.Release|Any CPU.Build.0 = Release|Any CPU
		{1498330B-6997-4F80-B621-AB4DAD09961B}.Debug|Any CPU.ActiveCfg = Debug|Any CPU
		{1498330B-6997-4F80-B621-AB4DAD09961B}.Debug|Any CPU.Build.0 = Debug|Any CPU
		{1498330B-6997-4F80-B621-AB4DAD09961B}.Release|Any CPU.ActiveCfg = Release|Any CPU
		{1498330B-6997-4F80-B621-AB4DAD09961B}.Release|Any CPU.Build.0 = Release|Any CPU
		{173A4724-553B-4A1F-8A01-79B1710291B0}.Debug|Any CPU.ActiveCfg = Debug|Any CPU
		{173A4724-553B-4A1F-8A01-79B1710291B0}.Debug|Any CPU.Build.0 = Debug|Any CPU
		{173A4724-553B-4A1F-8A01-79B1710291B0}.Release|Any CPU.ActiveCfg = Release|Any CPU
		{173A4724-553B-4A1F-8A01-79B1710291B0}.Release|Any CPU.Build.0 = Release|Any CPU
		{08C74F0F-F884-4C11-BED7-274509E2D75F}.Debug|Any CPU.ActiveCfg = Debug|Any CPU
		{08C74F0F-F884-4C11-BED7-274509E2D75F}.Debug|Any CPU.Build.0 = Debug|Any CPU
		{08C74F0F-F884-4C11-BED7-274509E2D75F}.Release|Any CPU.ActiveCfg = Release|Any CPU
		{08C74F0F-F884-4C11-BED7-274509E2D75F}.Release|Any CPU.Build.0 = Release|Any CPU
		{7D9227C9-2C3B-4F74-B785-5FCEF25D687B}.Debug|Any CPU.ActiveCfg = Debug|Any CPU
		{7D9227C9-2C3B-4F74-B785-5FCEF25D687B}.Debug|Any CPU.Build.0 = Debug|Any CPU
		{7D9227C9-2C3B-4F74-B785-5FCEF25D687B}.Release|Any CPU.ActiveCfg = Release|Any CPU
		{7D9227C9-2C3B-4F74-B785-5FCEF25D687B}.Release|Any CPU.Build.0 = Release|Any CPU
		{A656EFF2-D09B-4CA4-9D4F-2EE6519B22A1}.Debug|Any CPU.ActiveCfg = Debug|Any CPU
		{A656EFF2-D09B-4CA4-9D4F-2EE6519B22A1}.Debug|Any CPU.Build.0 = Debug|Any CPU
		{A656EFF2-D09B-4CA4-9D4F-2EE6519B22A1}.Release|Any CPU.ActiveCfg = Release|Any CPU
		{A656EFF2-D09B-4CA4-9D4F-2EE6519B22A1}.Release|Any CPU.Build.0 = Release|Any CPU
		{66809F7C-C996-4E10-B7B3-D12F605F7DF9}.Debug|Any CPU.ActiveCfg = Debug|Any CPU
		{66809F7C-C996-4E10-B7B3-D12F605F7DF9}.Debug|Any CPU.Build.0 = Debug|Any CPU
		{66809F7C-C996-4E10-B7B3-D12F605F7DF9}.Release|Any CPU.ActiveCfg = Release|Any CPU
		{66809F7C-C996-4E10-B7B3-D12F605F7DF9}.Release|Any CPU.Build.0 = Release|Any CPU
		{8A7F21A7-FEF8-4413-A605-86A1616BB280}.Debug|Any CPU.ActiveCfg = Debug|Any CPU
		{8A7F21A7-FEF8-4413-A605-86A1616BB280}.Debug|Any CPU.Build.0 = Debug|Any CPU
		{8A7F21A7-FEF8-4413-A605-86A1616BB280}.Release|Any CPU.ActiveCfg = Release|Any CPU
		{8A7F21A7-FEF8-4413-A605-86A1616BB280}.Release|Any CPU.Build.0 = Release|Any CPU
	EndGlobalSection
	GlobalSection(SolutionProperties) = preSolution
		HideSolutionNode = FALSE
	EndGlobalSection
	GlobalSection(ExtensibilityGlobals) = postSolution
		SolutionGuid = {DCF704B8-10EF-4350-9251-1847269DF0A5}
	EndGlobalSection
EndGlobal
